
Microsoft Visual Studio Solution File, Format Version 12.00
Project("{FAE04EC0-301F-11D3-BF4B-00C04F79EFBC}") = "ProjektM320", "ProjektM320\ProjektM320.csproj", "{A8703FB3-47DD-4DC9-BE3F-81E5EFC298FC}"
EndProject
Project("{FAE04EC0-301F-11D3-BF4B-00C04F79EFBC}") = "Core", "Core\Core.csproj", "{9A4143E3-C845-41AC-8525-63F835D5A4B3}"
EndProject
Project("{FAE04EC0-301F-11D3-BF4B-00C04F79EFBC}") = "Core.Test", "Core.Test\Core.Test.csproj", "{A8AFC2D3-87B1-4135-AD5A-66AEE0269C7A}"
EndProject
Global
	GlobalSection(SolutionConfigurationPlatforms) = preSolution
		Debug|Any CPU = Debug|Any CPU
		Release|Any CPU = Release|Any CPU
	EndGlobalSection
	GlobalSection(ProjectConfigurationPlatforms) = postSolution
		{A8703FB3-47DD-4DC9-BE3F-81E5EFC298FC}.Debug|Any CPU.ActiveCfg = Debug|Any CPU
		{A8703FB3-47DD-4DC9-BE3F-81E5EFC298FC}.Debug|Any CPU.Build.0 = Debug|Any CPU
		{A8703FB3-47DD-4DC9-BE3F-81E5EFC298FC}.Release|Any CPU.ActiveCfg = Release|Any CPU
		{A8703FB3-47DD-4DC9-BE3F-81E5EFC298FC}.Release|Any CPU.Build.0 = Release|Any CPU
		{9A4143E3-C845-41AC-8525-63F835D5A4B3}.Debug|Any CPU.ActiveCfg = Debug|Any CPU
		{9A4143E3-C845-41AC-8525-63F835D5A4B3}.Debug|Any CPU.Build.0 = Debug|Any CPU
		{9A4143E3-C845-41AC-8525-63F835D5A4B3}.Release|Any CPU.ActiveCfg = Release|Any CPU
		{9A4143E3-C845-41AC-8525-63F835D5A4B3}.Release|Any CPU.Build.0 = Release|Any CPU
		{A8AFC2D3-87B1-4135-AD5A-66AEE0269C7A}.Debug|Any CPU.ActiveCfg = Debug|Any CPU
		{A8AFC2D3-87B1-4135-AD5A-66AEE0269C7A}.Debug|Any CPU.Build.0 = Debug|Any CPU
		{A8AFC2D3-87B1-4135-AD5A-66AEE0269C7A}.Release|Any CPU.ActiveCfg = Release|Any CPU
		{A8AFC2D3-87B1-4135-AD5A-66AEE0269C7A}.Release|Any CPU.Build.0 = Release|Any CPU
	EndGlobalSection
EndGlobal
